
Microsoft Visual Studio Solution File, Format Version 12.00
# Visual Studio Version 16
VisualStudioVersion = 16.0.31205.134
MinimumVisualStudioVersion = 10.0.40219.1
Project("{FAE04EC0-301F-11D3-BF4B-00C04F79EFBC}") = "teszt", "teszt\teszt.csproj", "{FFF68DA3-1BAA-4334-AEDD-E38C340C3DA0}"
EndProject
Global
	GlobalSection(SolutionConfigurationPlatforms) = preSolution
		Debug|Any CPU = Debug|Any CPU
		Release|Any CPU = Release|Any CPU
	EndGlobalSection
	GlobalSection(ProjectConfigurationPlatforms) = postSolution
		{FFF68DA3-1BAA-4334-AEDD-E38C340C3DA0}.Debug|Any CPU.ActiveCfg = Debug|Any CPU
		{FFF68DA3-1BAA-4334-AEDD-E38C340C3DA0}.Debug|Any CPU.Build.0 = Debug|Any CPU
		{FFF68DA3-1BAA-4334-AEDD-E38C340C3DA0}.Release|Any CPU.ActiveCfg = Release|Any CPU
		{FFF68DA3-1BAA-4334-AEDD-E38C340C3DA0}.Release|Any CPU.Build.0 = Release|Any CPU
	EndGlobalSection
	GlobalSection(SolutionProperties) = preSolution
		HideSolutionNode = FALSE
	EndGlobalSection
	GlobalSection(ExtensibilityGlobals) = postSolution
		SolutionGuid = {C60CF064-7FF1-41A1-9D1A-8EDE1E9EB907}
	EndGlobalSection
EndGlobal
