
Microsoft Visual Studio Solution File, Format Version 12.00
# Visual Studio Version 16
VisualStudioVersion = 16.0.31205.134
MinimumVisualStudioVersion = 10.0.40219.1
Project("{FAE04EC0-301F-11D3-BF4B-00C04F79EFBC}") = "OO_sim2", "OO_sim2\OO_sim2.csproj", "{8B26E23B-9832-42A9-8E27-5FE5AE5AB311}"
EndProject
Global
	GlobalSection(SolutionConfigurationPlatforms) = preSolution
		Debug|Any CPU = Debug|Any CPU
		Release|Any CPU = Release|Any CPU
	EndGlobalSection
	GlobalSection(ProjectConfigurationPlatforms) = postSolution
		{8B26E23B-9832-42A9-8E27-5FE5AE5AB311}.Debug|Any CPU.ActiveCfg = Debug|Any CPU
		{8B26E23B-9832-42A9-8E27-5FE5AE5AB311}.Debug|Any CPU.Build.0 = Debug|Any CPU
		{8B26E23B-9832-42A9-8E27-5FE5AE5AB311}.Release|Any CPU.ActiveCfg = Release|Any CPU
		{8B26E23B-9832-42A9-8E27-5FE5AE5AB311}.Release|Any CPU.Build.0 = Release|Any CPU
	EndGlobalSection
	GlobalSection(SolutionProperties) = preSolution
		HideSolutionNode = FALSE
	EndGlobalSection
	GlobalSection(ExtensibilityGlobals) = postSolution
		SolutionGuid = {73B775DE-3B73-4918-A223-4DB268A07329}
	EndGlobalSection
EndGlobal
