
Microsoft Visual Studio Solution File, Format Version 12.00
# Visual Studio Version 16
VisualStudioVersion = 16.0.31205.134
MinimumVisualStudioVersion = 10.0.40219.1
Project("{FAE04EC0-301F-11D3-BF4B-00C04F79EFBC}") = "OOP_Muzsika", "OOP_Muzsika\OOP_Muzsika.csproj", "{B339E3AB-5445-4146-9C69-0C5D0D18687F}"
EndProject
Global
	GlobalSection(SolutionConfigurationPlatforms) = preSolution
		Debug|Any CPU = Debug|Any CPU
		Release|Any CPU = Release|Any CPU
	EndGlobalSection
	GlobalSection(ProjectConfigurationPlatforms) = postSolution
		{B339E3AB-5445-4146-9C69-0C5D0D18687F}.Debug|Any CPU.ActiveCfg = Debug|Any CPU
		{B339E3AB-5445-4146-9C69-0C5D0D18687F}.Debug|Any CPU.Build.0 = Debug|Any CPU
		{B339E3AB-5445-4146-9C69-0C5D0D18687F}.Release|Any CPU.ActiveCfg = Release|Any CPU
		{B339E3AB-5445-4146-9C69-0C5D0D18687F}.Release|Any CPU.Build.0 = Release|Any CPU
	EndGlobalSection
	GlobalSection(SolutionProperties) = preSolution
		HideSolutionNode = FALSE
	EndGlobalSection
	GlobalSection(ExtensibilityGlobals) = postSolution
		SolutionGuid = {4FB1FA47-9261-438C-9D7D-42FE9DA95641}
	EndGlobalSection
EndGlobal
