
Microsoft Visual Studio Solution File, Format Version 12.00
# Visual Studio Version 16
VisualStudioVersion = 16.0.31205.134
MinimumVisualStudioVersion = 10.0.40219.1
Project("{FAE04EC0-301F-11D3-BF4B-00C04F79EFBC}") = "kereses_tablazatban", "kereses_tablazatban\kereses_tablazatban.csproj", "{7860A965-89F7-45E2-8BE2-70852C426451}"
EndProject
Global
	GlobalSection(SolutionConfigurationPlatforms) = preSolution
		Debug|Any CPU = Debug|Any CPU
		Release|Any CPU = Release|Any CPU
	EndGlobalSection
	GlobalSection(ProjectConfigurationPlatforms) = postSolution
		{7860A965-89F7-45E2-8BE2-70852C426451}.Debug|Any CPU.ActiveCfg = Debug|Any CPU
		{7860A965-89F7-45E2-8BE2-70852C426451}.Debug|Any CPU.Build.0 = Debug|Any CPU
		{7860A965-89F7-45E2-8BE2-70852C426451}.Release|Any CPU.ActiveCfg = Release|Any CPU
		{7860A965-89F7-45E2-8BE2-70852C426451}.Release|Any CPU.Build.0 = Release|Any CPU
	EndGlobalSection
	GlobalSection(SolutionProperties) = preSolution
		HideSolutionNode = FALSE
	EndGlobalSection
	GlobalSection(ExtensibilityGlobals) = postSolution
		SolutionGuid = {2ED550DF-D7CE-43E1-8CDE-23603CED4E25}
	EndGlobalSection
EndGlobal
