
Microsoft Visual Studio Solution File, Format Version 12.00
# Visual Studio Version 16
VisualStudioVersion = 16.0.30104.148
MinimumVisualStudioVersion = 10.0.40219.1
Project("{FAE04EC0-301F-11D3-BF4B-00C04F79EFBC}") = "elso_konzol", "elso_konzol\elso_konzol.csproj", "{935E4028-EE97-434F-B715-3E665020DCC3}"
EndProject
Global
	GlobalSection(SolutionConfigurationPlatforms) = preSolution
		Debug|Any CPU = Debug|Any CPU
		Release|Any CPU = Release|Any CPU
	EndGlobalSection
	GlobalSection(ProjectConfigurationPlatforms) = postSolution
		{935E4028-EE97-434F-B715-3E665020DCC3}.Debug|Any CPU.ActiveCfg = Debug|Any CPU
		{935E4028-EE97-434F-B715-3E665020DCC3}.Debug|Any CPU.Build.0 = Debug|Any CPU
		{935E4028-EE97-434F-B715-3E665020DCC3}.Release|Any CPU.ActiveCfg = Release|Any CPU
		{935E4028-EE97-434F-B715-3E665020DCC3}.Release|Any CPU.Build.0 = Release|Any CPU
	EndGlobalSection
	GlobalSection(SolutionProperties) = preSolution
		HideSolutionNode = FALSE
	EndGlobalSection
	GlobalSection(ExtensibilityGlobals) = postSolution
		SolutionGuid = {7E1DC70E-F5DA-4F25-98F8-1E69021C550E}
	EndGlobalSection
EndGlobal
