
Microsoft Visual Studio Solution File, Format Version 12.00
# Visual Studio Version 16
VisualStudioVersion = 16.0.31205.134
MinimumVisualStudioVersion = 10.0.40219.1
Project("{FAE04EC0-301F-11D3-BF4B-00C04F79EFBC}") = "fajlbe3", "fajlbe3\fajlbe3.csproj", "{1144BCD4-7F29-40CE-8098-833F6D688FF7}"
EndProject
Global
	GlobalSection(SolutionConfigurationPlatforms) = preSolution
		Debug|Any CPU = Debug|Any CPU
		Release|Any CPU = Release|Any CPU
	EndGlobalSection
	GlobalSection(ProjectConfigurationPlatforms) = postSolution
		{1144BCD4-7F29-40CE-8098-833F6D688FF7}.Debug|Any CPU.ActiveCfg = Debug|Any CPU
		{1144BCD4-7F29-40CE-8098-833F6D688FF7}.Debug|Any CPU.Build.0 = Debug|Any CPU
		{1144BCD4-7F29-40CE-8098-833F6D688FF7}.Release|Any CPU.ActiveCfg = Release|Any CPU
		{1144BCD4-7F29-40CE-8098-833F6D688FF7}.Release|Any CPU.Build.0 = Release|Any CPU
	EndGlobalSection
	GlobalSection(SolutionProperties) = preSolution
		HideSolutionNode = FALSE
	EndGlobalSection
	GlobalSection(ExtensibilityGlobals) = postSolution
		SolutionGuid = {260ADD62-CAC1-4762-AC76-DD6630537723}
	EndGlobalSection
EndGlobal
