
Microsoft Visual Studio Solution File, Format Version 12.00
# Visual Studio Version 16
VisualStudioVersion = 16.0.31205.134
MinimumVisualStudioVersion = 10.0.40219.1
Project("{FAE04EC0-301F-11D3-BF4B-00C04F79EFBC}") = "OOP_Gazdasag", "OOP_Gazdasag\OOP_Gazdasag.csproj", "{23D0036D-0EAA-4FF6-B4EF-03458E1A4601}"
EndProject
Global
	GlobalSection(SolutionConfigurationPlatforms) = preSolution
		Debug|Any CPU = Debug|Any CPU
		Release|Any CPU = Release|Any CPU
	EndGlobalSection
	GlobalSection(ProjectConfigurationPlatforms) = postSolution
		{23D0036D-0EAA-4FF6-B4EF-03458E1A4601}.Debug|Any CPU.ActiveCfg = Debug|Any CPU
		{23D0036D-0EAA-4FF6-B4EF-03458E1A4601}.Debug|Any CPU.Build.0 = Debug|Any CPU
		{23D0036D-0EAA-4FF6-B4EF-03458E1A4601}.Release|Any CPU.ActiveCfg = Release|Any CPU
		{23D0036D-0EAA-4FF6-B4EF-03458E1A4601}.Release|Any CPU.Build.0 = Release|Any CPU
	EndGlobalSection
	GlobalSection(SolutionProperties) = preSolution
		HideSolutionNode = FALSE
	EndGlobalSection
	GlobalSection(ExtensibilityGlobals) = postSolution
		SolutionGuid = {CB64D50C-B324-4DD9-975F-8974B62F7645}
	EndGlobalSection
EndGlobal
