
Microsoft Visual Studio Solution File, Format Version 12.00
# Visual Studio Version 16
VisualStudioVersion = 16.0.30104.148
MinimumVisualStudioVersion = 10.0.40219.1
Project("{FAE04EC0-301F-11D3-BF4B-00C04F79EFBC}") = "szamkitalalo", "szamkitalalo\szamkitalalo.csproj", "{648455C4-505B-4A29-8514-80B481251C39}"
EndProject
Global
	GlobalSection(SolutionConfigurationPlatforms) = preSolution
		Debug|Any CPU = Debug|Any CPU
		Release|Any CPU = Release|Any CPU
	EndGlobalSection
	GlobalSection(ProjectConfigurationPlatforms) = postSolution
		{648455C4-505B-4A29-8514-80B481251C39}.Debug|Any CPU.ActiveCfg = Debug|Any CPU
		{648455C4-505B-4A29-8514-80B481251C39}.Debug|Any CPU.Build.0 = Debug|Any CPU
		{648455C4-505B-4A29-8514-80B481251C39}.Release|Any CPU.ActiveCfg = Release|Any CPU
		{648455C4-505B-4A29-8514-80B481251C39}.Release|Any CPU.Build.0 = Release|Any CPU
	EndGlobalSection
	GlobalSection(SolutionProperties) = preSolution
		HideSolutionNode = FALSE
	EndGlobalSection
	GlobalSection(ExtensibilityGlobals) = postSolution
		SolutionGuid = {529A6968-1495-4CA7-98AF-2FCB5CDED53D}
	EndGlobalSection
EndGlobal
