
Microsoft Visual Studio Solution File, Format Version 12.00
# Visual Studio Version 16
VisualStudioVersion = 16.0.31613.86
MinimumVisualStudioVersion = 10.0.40219.1
Project("{FAE04EC0-301F-11D3-BF4B-00C04F79EFBC}") = "OOP_Foci", "OOP_Foci\OOP_Foci.csproj", "{4C128249-D29A-480A-8936-D9BBD000E3AF}"
EndProject
Global
	GlobalSection(SolutionConfigurationPlatforms) = preSolution
		Debug|Any CPU = Debug|Any CPU
		Release|Any CPU = Release|Any CPU
	EndGlobalSection
	GlobalSection(ProjectConfigurationPlatforms) = postSolution
		{4C128249-D29A-480A-8936-D9BBD000E3AF}.Debug|Any CPU.ActiveCfg = Debug|Any CPU
		{4C128249-D29A-480A-8936-D9BBD000E3AF}.Debug|Any CPU.Build.0 = Debug|Any CPU
		{4C128249-D29A-480A-8936-D9BBD000E3AF}.Release|Any CPU.ActiveCfg = Release|Any CPU
		{4C128249-D29A-480A-8936-D9BBD000E3AF}.Release|Any CPU.Build.0 = Release|Any CPU
	EndGlobalSection
	GlobalSection(SolutionProperties) = preSolution
		HideSolutionNode = FALSE
	EndGlobalSection
	GlobalSection(ExtensibilityGlobals) = postSolution
		SolutionGuid = {ACB07917-06D6-47A4-8BB2-AB15C8F97C10}
	EndGlobalSection
EndGlobal
