
Microsoft Visual Studio Solution File, Format Version 12.00
# Visual Studio Version 16
VisualStudioVersion = 16.0.31205.134
MinimumVisualStudioVersion = 10.0.40219.1
Project("{FAE04EC0-301F-11D3-BF4B-00C04F79EFBC}") = "OOP_Cicak", "OOP_Cicak\OOP_Cicak.csproj", "{D24040FF-CB34-4B64-BBFE-2E167DEBD3DF}"
EndProject
Global
	GlobalSection(SolutionConfigurationPlatforms) = preSolution
		Debug|Any CPU = Debug|Any CPU
		Release|Any CPU = Release|Any CPU
	EndGlobalSection
	GlobalSection(ProjectConfigurationPlatforms) = postSolution
		{D24040FF-CB34-4B64-BBFE-2E167DEBD3DF}.Debug|Any CPU.ActiveCfg = Debug|Any CPU
		{D24040FF-CB34-4B64-BBFE-2E167DEBD3DF}.Debug|Any CPU.Build.0 = Debug|Any CPU
		{D24040FF-CB34-4B64-BBFE-2E167DEBD3DF}.Release|Any CPU.ActiveCfg = Release|Any CPU
		{D24040FF-CB34-4B64-BBFE-2E167DEBD3DF}.Release|Any CPU.Build.0 = Release|Any CPU
	EndGlobalSection
	GlobalSection(SolutionProperties) = preSolution
		HideSolutionNode = FALSE
	EndGlobalSection
	GlobalSection(ExtensibilityGlobals) = postSolution
		SolutionGuid = {0BF32250-885E-426B-8DA5-128FF96FFCEE}
	EndGlobalSection
EndGlobal
