
Microsoft Visual Studio Solution File, Format Version 12.00
# Visual Studio Version 16
VisualStudioVersion = 16.0.31205.134
MinimumVisualStudioVersion = 10.0.40219.1
Project("{FAE04EC0-301F-11D3-BF4B-00C04F79EFBC}") = "OOP_Tavak", "OOP_Tavak\OOP_Tavak.csproj", "{D6BFD011-1115-4F69-A710-F0FF9A0118B0}"
EndProject
Global
	GlobalSection(SolutionConfigurationPlatforms) = preSolution
		Debug|Any CPU = Debug|Any CPU
		Release|Any CPU = Release|Any CPU
	EndGlobalSection
	GlobalSection(ProjectConfigurationPlatforms) = postSolution
		{D6BFD011-1115-4F69-A710-F0FF9A0118B0}.Debug|Any CPU.ActiveCfg = Debug|Any CPU
		{D6BFD011-1115-4F69-A710-F0FF9A0118B0}.Debug|Any CPU.Build.0 = Debug|Any CPU
		{D6BFD011-1115-4F69-A710-F0FF9A0118B0}.Release|Any CPU.ActiveCfg = Release|Any CPU
		{D6BFD011-1115-4F69-A710-F0FF9A0118B0}.Release|Any CPU.Build.0 = Release|Any CPU
	EndGlobalSection
	GlobalSection(SolutionProperties) = preSolution
		HideSolutionNode = FALSE
	EndGlobalSection
	GlobalSection(ExtensibilityGlobals) = postSolution
		SolutionGuid = {44CB7AE2-0F23-4F16-B211-809B50F08EF4}
	EndGlobalSection
EndGlobal
