
Microsoft Visual Studio Solution File, Format Version 12.00
# Visual Studio Version 16
VisualStudioVersion = 16.0.31205.134
MinimumVisualStudioVersion = 10.0.40219.1
Project("{FAE04EC0-301F-11D3-BF4B-00C04F79EFBC}") = "fajlba_ir_szojatek", "fajlba_ir_szojatek\fajlba_ir_szojatek.csproj", "{17263D15-43BA-4F28-96F9-77476874207D}"
EndProject
Global
	GlobalSection(SolutionConfigurationPlatforms) = preSolution
		Debug|Any CPU = Debug|Any CPU
		Release|Any CPU = Release|Any CPU
	EndGlobalSection
	GlobalSection(ProjectConfigurationPlatforms) = postSolution
		{17263D15-43BA-4F28-96F9-77476874207D}.Debug|Any CPU.ActiveCfg = Debug|Any CPU
		{17263D15-43BA-4F28-96F9-77476874207D}.Debug|Any CPU.Build.0 = Debug|Any CPU
		{17263D15-43BA-4F28-96F9-77476874207D}.Release|Any CPU.ActiveCfg = Release|Any CPU
		{17263D15-43BA-4F28-96F9-77476874207D}.Release|Any CPU.Build.0 = Release|Any CPU
	EndGlobalSection
	GlobalSection(SolutionProperties) = preSolution
		HideSolutionNode = FALSE
	EndGlobalSection
	GlobalSection(ExtensibilityGlobals) = postSolution
		SolutionGuid = {F11CFCDC-D8B4-40D4-B062-6F5A91027C11}
	EndGlobalSection
EndGlobal
