
Microsoft Visual Studio Solution File, Format Version 12.00
# Visual Studio Version 16
VisualStudioVersion = 16.0.31205.134
MinimumVisualStudioVersion = 10.0.40219.1
Project("{FAE04EC0-301F-11D3-BF4B-00C04F79EFBC}") = "szamvalto", "szamvalto\szamvalto.csproj", "{DA702F24-2DEB-4DBF-A878-344EE322655F}"
EndProject
Global
	GlobalSection(SolutionConfigurationPlatforms) = preSolution
		Debug|Any CPU = Debug|Any CPU
		Release|Any CPU = Release|Any CPU
	EndGlobalSection
	GlobalSection(ProjectConfigurationPlatforms) = postSolution
		{DA702F24-2DEB-4DBF-A878-344EE322655F}.Debug|Any CPU.ActiveCfg = Debug|Any CPU
		{DA702F24-2DEB-4DBF-A878-344EE322655F}.Debug|Any CPU.Build.0 = Debug|Any CPU
		{DA702F24-2DEB-4DBF-A878-344EE322655F}.Release|Any CPU.ActiveCfg = Release|Any CPU
		{DA702F24-2DEB-4DBF-A878-344EE322655F}.Release|Any CPU.Build.0 = Release|Any CPU
	EndGlobalSection
	GlobalSection(SolutionProperties) = preSolution
		HideSolutionNode = FALSE
	EndGlobalSection
	GlobalSection(ExtensibilityGlobals) = postSolution
		SolutionGuid = {DD54D43F-080F-43DF-9F53-8C2932874E08}
	EndGlobalSection
EndGlobal
