
Microsoft Visual Studio Solution File, Format Version 12.00
# Visual Studio Version 16
VisualStudioVersion = 16.0.31613.86
MinimumVisualStudioVersion = 10.0.40219.1
Project("{FAE04EC0-301F-11D3-BF4B-00C04F79EFBC}") = "oopSIMkartya", "oopSIMkartya\oopSIMkartya.csproj", "{0096ADAA-AFEE-4CBE-8EDB-A7CA265BFF76}"
EndProject
Global
	GlobalSection(SolutionConfigurationPlatforms) = preSolution
		Debug|Any CPU = Debug|Any CPU
		Release|Any CPU = Release|Any CPU
	EndGlobalSection
	GlobalSection(ProjectConfigurationPlatforms) = postSolution
		{0096ADAA-AFEE-4CBE-8EDB-A7CA265BFF76}.Debug|Any CPU.ActiveCfg = Debug|Any CPU
		{0096ADAA-AFEE-4CBE-8EDB-A7CA265BFF76}.Debug|Any CPU.Build.0 = Debug|Any CPU
		{0096ADAA-AFEE-4CBE-8EDB-A7CA265BFF76}.Release|Any CPU.ActiveCfg = Release|Any CPU
		{0096ADAA-AFEE-4CBE-8EDB-A7CA265BFF76}.Release|Any CPU.Build.0 = Release|Any CPU
	EndGlobalSection
	GlobalSection(SolutionProperties) = preSolution
		HideSolutionNode = FALSE
	EndGlobalSection
	GlobalSection(ExtensibilityGlobals) = postSolution
		SolutionGuid = {BCA67292-9ADF-4032-9A9F-7359BC784AD0}
	EndGlobalSection
EndGlobal
