
Microsoft Visual Studio Solution File, Format Version 12.00
# Visual Studio Version 16
VisualStudioVersion = 16.0.31205.134
MinimumVisualStudioVersion = 10.0.40219.1
Project("{FAE04EC0-301F-11D3-BF4B-00C04F79EFBC}") = "oopKor", "oopKor\oopKor.csproj", "{4B7ADE51-4EA6-49D9-97BA-9CA815C4A082}"
EndProject
Global
	GlobalSection(SolutionConfigurationPlatforms) = preSolution
		Debug|Any CPU = Debug|Any CPU
		Release|Any CPU = Release|Any CPU
	EndGlobalSection
	GlobalSection(ProjectConfigurationPlatforms) = postSolution
		{4B7ADE51-4EA6-49D9-97BA-9CA815C4A082}.Debug|Any CPU.ActiveCfg = Debug|Any CPU
		{4B7ADE51-4EA6-49D9-97BA-9CA815C4A082}.Debug|Any CPU.Build.0 = Debug|Any CPU
		{4B7ADE51-4EA6-49D9-97BA-9CA815C4A082}.Release|Any CPU.ActiveCfg = Release|Any CPU
		{4B7ADE51-4EA6-49D9-97BA-9CA815C4A082}.Release|Any CPU.Build.0 = Release|Any CPU
	EndGlobalSection
	GlobalSection(SolutionProperties) = preSolution
		HideSolutionNode = FALSE
	EndGlobalSection
	GlobalSection(ExtensibilityGlobals) = postSolution
		SolutionGuid = {B5F1A8C1-E090-4F38-A150-DA255EB7527F}
	EndGlobalSection
EndGlobal
